// !$*UTF8*$!
{
	archiveVersion = 1;
	classes = {
	};
	objectVersion = 56;
	objects = {

/* Begin PBXBuildFile section */
		43F981ED2AFF9850008B4A11 /* CoolBeansApp.swift in Sources */ = {isa = PBXBuildFile; fileRef = 43F981EC2AFF9850008B4A11 /* CoolBeansApp.swift */; };
		43F981EF2AFF9850008B4A11 /* ContentView.swift in Sources */ = {isa = PBXBuildFile; fileRef = 43F981EE2AFF9850008B4A11 /* ContentView.swift */; };
		43F981F12AFF9852008B4A11 /* Assets.xcassets in Resources */ = {isa = PBXBuildFile; fileRef = 43F981F02AFF9852008B4A11 /* Assets.xcassets */; };
		43F981F42AFF9852008B4A11 /* Preview Assets.xcassets in Resources */ = {isa = PBXBuildFile; fileRef = 43F981F32AFF9852008B4A11 /* Preview Assets.xcassets */; };
		43F981FB2AFF99BD008B4A11 /* menu.json in Resources */ = {isa = PBXBuildFile; fileRef = 43F981FA2AFF99BD008B4A11 /* menu.json */; };
		43F981FD2AFF99D7008B4A11 /* Drink.swift in Sources */ = {isa = PBXBuildFile; fileRef = 43F981FC2AFF99D7008B4A11 /* Drink.swift */; };
		43F981FF2AFF9A35008B4A11 /* MenuSection.swift in Sources */ = {isa = PBXBuildFile; fileRef = 43F981FE2AFF9A35008B4A11 /* MenuSection.swift */; };
		43F982012AFF9A62008B4A11 /* Menu.swift in Sources */ = {isa = PBXBuildFile; fileRef = 43F982002AFF9A62008B4A11 /* Menu.swift */; };
		43F982032AFF9B54008B4A11 /* MenuView.swift in Sources */ = {isa = PBXBuildFile; fileRef = 43F982022AFF9B54008B4A11 /* MenuView.swift */; };
		43F982052AFFAEB8008B4A11 /* CustomizeView.swift in Sources */ = {isa = PBXBuildFile; fileRef = 43F982042AFFAEB8008B4A11 /* CustomizeView.swift */; };
		43F982072AFFB27A008B4A11 /* ConfigurationOption.swift in Sources */ = {isa = PBXBuildFile; fileRef = 43F982062AFFB27A008B4A11 /* ConfigurationOption.swift */; };
		43F982092AFFB627008B4A11 /* Serving.swift in Sources */ = {isa = PBXBuildFile; fileRef = 43F982082AFFB627008B4A11 /* Serving.swift */; };
		43F9820B2AFFB677008B4A11 /* FimeManager-DocumentsDirectory.swift in Sources */ = {isa = PBXBuildFile; fileRef = 43F9820A2AFFB677008B4A11 /* FimeManager-DocumentsDirectory.swift */; };
		43F9820D2AFFB6C0008B4A11 /* History.swift in Sources */ = {isa = PBXBuildFile; fileRef = 43F9820C2AFFB6C0008B4A11 /* History.swift */; };
/* End PBXBuildFile section */

/* Begin PBXFileReference section */
		43F981E92AFF9850008B4A11 /* CoolBeans.app */ = {isa = PBXFileReference; explicitFileType = wrapper.application; includeInIndex = 0; path = CoolBeans.app; sourceTree = BUILT_PRODUCTS_DIR; };
		43F981EC2AFF9850008B4A11 /* CoolBeansApp.swift */ = {isa = PBXFileReference; lastKnownFileType = sourcecode.swift; path = CoolBeansApp.swift; sourceTree = "<group>"; };
		43F981EE2AFF9850008B4A11 /* ContentView.swift */ = {isa = PBXFileReference; lastKnownFileType = sourcecode.swift; path = ContentView.swift; sourceTree = "<group>"; };
		43F981F02AFF9852008B4A11 /* Assets.xcassets */ = {isa = PBXFileReference; lastKnownFileType = folder.assetcatalog; path = Assets.xcassets; sourceTree = "<group>"; };
		43F981F32AFF9852008B4A11 /* Preview Assets.xcassets */ = {isa = PBXFileReference; lastKnownFileType = folder.assetcatalog; path = "Preview Assets.xcassets"; sourceTree = "<group>"; };
		43F981FA2AFF99BD008B4A11 /* menu.json */ = {isa = PBXFileReference; fileEncoding = 4; lastKnownFileType = text.json; path = menu.json; sourceTree = "<group>"; };
		43F981FC2AFF99D7008B4A11 /* Drink.swift */ = {isa = PBXFileReference; lastKnownFileType = sourcecode.swift; path = Drink.swift; sourceTree = "<group>"; };
		43F981FE2AFF9A35008B4A11 /* MenuSection.swift */ = {isa = PBXFileReference; lastKnownFileType = sourcecode.swift; path = MenuSection.swift; sourceTree = "<group>"; };
		43F982002AFF9A62008B4A11 /* Menu.swift */ = {isa = PBXFileReference; lastKnownFileType = sourcecode.swift; path = Menu.swift; sourceTree = "<group>"; };
		43F982022AFF9B54008B4A11 /* MenuView.swift */ = {isa = PBXFileReference; lastKnownFileType = sourcecode.swift; path = MenuView.swift; sourceTree = "<group>"; };
		43F982042AFFAEB8008B4A11 /* CustomizeView.swift */ = {isa = PBXFileReference; lastKnownFileType = sourcecode.swift; path = CustomizeView.swift; sourceTree = "<group>"; };
		43F982062AFFB27A008B4A11 /* ConfigurationOption.swift */ = {isa = PBXFileReference; lastKnownFileType = sourcecode.swift; path = ConfigurationOption.swift; sourceTree = "<group>"; };
		43F982082AFFB627008B4A11 /* Serving.swift */ = {isa = PBXFileReference; lastKnownFileType = sourcecode.swift; path = Serving.swift; sourceTree = "<group>"; };
		43F9820A2AFFB677008B4A11 /* FimeManager-DocumentsDirectory.swift */ = {isa = PBXFileReference; lastKnownFileType = sourcecode.swift; path = "FimeManager-DocumentsDirectory.swift"; sourceTree = "<group>"; };
		43F9820C2AFFB6C0008B4A11 /* History.swift */ = {isa = PBXFileReference; lastKnownFileType = sourcecode.swift; path = History.swift; sourceTree = "<group>"; };
/* End PBXFileReference section */

/* Begin PBXFrameworksBuildPhase section */
		43F981E62AFF9850008B4A11 /* Frameworks */ = {
			isa = PBXFrameworksBuildPhase;
			buildActionMask = 2147483647;
			files = (
			);
			runOnlyForDeploymentPostprocessing = 0;
		};
/* End PBXFrameworksBuildPhase section */

/* Begin PBXGroup section */
		43F981E02AFF9850008B4A11 = {
			isa = PBXGroup;
			children = (
				43F981EB2AFF9850008B4A11 /* CoolBeans */,
				43F981EA2AFF9850008B4A11 /* Products */,
			);
			sourceTree = "<group>";
		};
		43F981EA2AFF9850008B4A11 /* Products */ = {
			isa = PBXGroup;
			children = (
				43F981E92AFF9850008B4A11 /* CoolBeans.app */,
			);
			name = Products;
			sourceTree = "<group>";
		};
		43F981EB2AFF9850008B4A11 /* CoolBeans */ = {
			isa = PBXGroup;
			children = (
				43F981EC2AFF9850008B4A11 /* CoolBeansApp.swift */,
				43F981EE2AFF9850008B4A11 /* ContentView.swift */,
				43F982022AFF9B54008B4A11 /* MenuView.swift */,
				43F982042AFFAEB8008B4A11 /* CustomizeView.swift */,
				43F981FC2AFF99D7008B4A11 /* Drink.swift */,
				43F982082AFFB627008B4A11 /* Serving.swift */,
				43F9820A2AFFB677008B4A11 /* FimeManager-DocumentsDirectory.swift */,
				43F9820C2AFFB6C0008B4A11 /* History.swift */,
				43F982002AFF9A62008B4A11 /* Menu.swift */,
				43F981FE2AFF9A35008B4A11 /* MenuSection.swift */,
				43F982062AFFB27A008B4A11 /* ConfigurationOption.swift */,
				43F981FA2AFF99BD008B4A11 /* menu.json */,
				43F981F02AFF9852008B4A11 /* Assets.xcassets */,
				43F981F22AFF9852008B4A11 /* Preview Content */,
			);
			path = CoolBeans;
			sourceTree = "<group>";
		};
		43F981F22AFF9852008B4A11 /* Preview Content */ = {
			isa = PBXGroup;
			children = (
				43F981F32AFF9852008B4A11 /* Preview Assets.xcassets */,
			);
			path = "Preview Content";
			sourceTree = "<group>";
		};
/* End PBXGroup section */

/* Begin PBXNativeTarget section */
		43F981E82AFF9850008B4A11 /* CoolBeans */ = {
			isa = PBXNativeTarget;
			buildConfigurationList = 43F981F72AFF9852008B4A11 /* Build configuration list for PBXNativeTarget "CoolBeans" */;
			buildPhases = (
				43F981E52AFF9850008B4A11 /* Sources */,
				43F981E62AFF9850008B4A11 /* Frameworks */,
				43F981E72AFF9850008B4A11 /* Resources */,
			);
			buildRules = (
			);
			dependencies = (
			);
			name = CoolBeans;
			productName = CoolBeans;
			productReference = 43F981E92AFF9850008B4A11 /* CoolBeans.app */;
			productType = "com.apple.product-type.application";
		};
/* End PBXNativeTarget section */

/* Begin PBXProject section */
		43F981E12AFF9850008B4A11 /* Project object */ = {
			isa = PBXProject;
			attributes = {
				BuildIndependentTargetsInParallel = 1;
				LastSwiftUpdateCheck = 1500;
				LastUpgradeCheck = 1500;
				TargetAttributes = {
					43F981E82AFF9850008B4A11 = {
						CreatedOnToolsVersion = 15.0.1;
					};
				};
			};
			buildConfigurationList = 43F981E42AFF9850008B4A11 /* Build configuration list for PBXProject "CoolBeans" */;
			compatibilityVersion = "Xcode 14.0";
			developmentRegion = en;
			hasScannedForEncodings = 0;
			knownRegions = (
				en,
				Base,
			);
			mainGroup = 43F981E02AFF9850008B4A11;
			productRefGroup = 43F981EA2AFF9850008B4A11 /* Products */;
			projectDirPath = "";
			projectRoot = "";
			targets = (
				43F981E82AFF9850008B4A11 /* CoolBeans */,
			);
		};
/* End PBXProject section */

/* Begin PBXResourcesBuildPhase section */
		43F981E72AFF9850008B4A11 /* Resources */ = {
			isa = PBXResourcesBuildPhase;
			buildActionMask = 2147483647;
			files = (
				43F981FB2AFF99BD008B4A11 /* menu.json in Resources */,
				43F981F42AFF9852008B4A11 /* Preview Assets.xcassets in Resources */,
				43F981F12AFF9852008B4A11 /* Assets.xcassets in Resources */,
			);
			runOnlyForDeploymentPostprocessing = 0;
		};
/* End PBXResourcesBuildPhase section */

/* Begin PBXSourcesBuildPhase section */
		43F981E52AFF9850008B4A11 /* Sources */ = {
			isa = PBXSourcesBuildPhase;
			buildActionMask = 2147483647;
			files = (
				43F981EF2AFF9850008B4A11 /* ContentView.swift in Sources */,
				43F982032AFF9B54008B4A11 /* MenuView.swift in Sources */,
				43F981FD2AFF99D7008B4A11 /* Drink.swift in Sources */,
				43F9820D2AFFB6C0008B4A11 /* History.swift in Sources */,
				43F981FF2AFF9A35008B4A11 /* MenuSection.swift in Sources */,
				43F981ED2AFF9850008B4A11 /* CoolBeansApp.swift in Sources */,
				43F9820B2AFFB677008B4A11 /* FimeManager-DocumentsDirectory.swift in Sources */,
				43F982072AFFB27A008B4A11 /* ConfigurationOption.swift in Sources */,
				43F982052AFFAEB8008B4A11 /* CustomizeView.swift in Sources */,
				43F982012AFF9A62008B4A11 /* Menu.swift in Sources */,
				43F982092AFFB627008B4A11 /* Serving.swift in Sources */,
			);
			runOnlyForDeploymentPostprocessing = 0;
		};
/* End PBXSourcesBuildPhase section */

/* Begin XCBuildConfiguration section */
		43F981F52AFF9852008B4A11 /* Debug */ = {
			isa = XCBuildConfiguration;
			buildSettings = {
				ALWAYS_SEARCH_USER_PATHS = NO;
				ASSETCATALOG_COMPILER_GENERATE_SWIFT_ASSET_SYMBOL_EXTENSIONS = YES;
				CLANG_ANALYZER_NONNULL = YES;
				CLANG_ANALYZER_NUMBER_OBJECT_CONVERSION = YES_AGGRESSIVE;
				CLANG_CXX_LANGUAGE_STANDARD = "gnu++20";
				CLANG_ENABLE_MODULES = YES;
				CLANG_ENABLE_OBJC_ARC = YES;
				CLANG_ENABLE_OBJC_WEAK = YES;
				CLANG_WARN_BLOCK_CAPTURE_AUTORELEASING = YES;
				CLANG_WARN_BOOL_CONVERSION = YES;
				CLANG_WARN_COMMA = YES;
				CLANG_WARN_CONSTANT_CONVERSION = YES;
				CLANG_WARN_DEPRECATED_OBJC_IMPLEMENTATIONS = YES;
				CLANG_WARN_DIRECT_OBJC_ISA_USAGE = YES_ERROR;
				CLANG_WARN_DOCUMENTATION_COMMENTS = YES;
				CLANG_WARN_EMPTY_BODY = YES;
				CLANG_WARN_ENUM_CONVERSION = YES;
				CLANG_WARN_INFINITE_RECURSION = YES;
				CLANG_WARN_INT_CONVERSION = YES;
				CLANG_WARN_NON_LITERAL_NULL_CONVERSION = YES;
				CLANG_WARN_OBJC_IMPLICIT_RETAIN_SELF = YES;
				CLANG_WARN_OBJC_LITERAL_CONVERSION = YES;
				CLANG_WARN_OBJC_ROOT_CLASS = YES_ERROR;
				CLANG_WARN_QUOTED_INCLUDE_IN_FRAMEWORK_HEADER = YES;
				CLANG_WARN_RANGE_LOOP_ANALYSIS = YES;
				CLANG_WARN_STRICT_PROTOTYPES = YES;
				CLANG_WARN_SUSPICIOUS_MOVE = YES;
				CLANG_WARN_UNGUARDED_AVAILABILITY = YES_AGGRESSIVE;
				CLANG_WARN_UNREACHABLE_CODE = YES;
				CLANG_WARN__DUPLICATE_METHOD_MATCH = YES;
				COPY_PHASE_STRIP = NO;
				DEBUG_INFORMATION_FORMAT = dwarf;
				ENABLE_STRICT_OBJC_MSGSEND = YES;
				ENABLE_TESTABILITY = YES;
				ENABLE_USER_SCRIPT_SANDBOXING = YES;
				GCC_C_LANGUAGE_STANDARD = gnu17;
				GCC_DYNAMIC_NO_PIC = NO;
				GCC_NO_COMMON_BLOCKS = YES;
				GCC_OPTIMIZATION_LEVEL = 0;
				GCC_PREPROCESSOR_DEFINITIONS = (
					"DEBUG=1",
					"$(inherited)",
				);
				GCC_WARN_64_TO_32_BIT_CONVERSION = YES;
				GCC_WARN_ABOUT_RETURN_TYPE = YES_ERROR;
				GCC_WARN_UNDECLARED_SELECTOR = YES;
				GCC_WARN_UNINITIALIZED_AUTOS = YES_AGGRESSIVE;
				GCC_WARN_UNUSED_FUNCTION = YES;
				GCC_WARN_UNUSED_VARIABLE = YES;
				IPHONEOS_DEPLOYMENT_TARGET = 17.0;
				LOCALIZATION_PREFERS_STRING_CATALOGS = YES;
				MTL_ENABLE_DEBUG_INFO = INCLUDE_SOURCE;
				MTL_FAST_MATH = YES;
				ONLY_ACTIVE_ARCH = YES;
				SDKROOT = iphoneos;
				SWIFT_ACTIVE_COMPILATION_CONDITIONS = "DEBUG $(inherited)";
				SWIFT_OPTIMIZATION_LEVEL = "-Onone";
			};
			name = Debug;
		};
		43F981F62AFF9852008B4A11 /* Release */ = {
			isa = XCBuildConfiguration;
			buildSettings = {
				ALWAYS_SEARCH_USER_PATHS = NO;
				ASSETCATALOG_COMPILER_GENERATE_SWIFT_ASSET_SYMBOL_EXTENSIONS = YES;
				CLANG_ANALYZER_NONNULL = YES;
				CLANG_ANALYZER_NUMBER_OBJECT_CONVERSION = YES_AGGRESSIVE;
				CLANG_CXX_LANGUAGE_STANDARD = "gnu++20";
				CLANG_ENABLE_MODULES = YES;
				CLANG_ENABLE_OBJC_ARC = YES;
				CLANG_ENABLE_OBJC_WEAK = YES;
				CLANG_WARN_BLOCK_CAPTURE_AUTORELEASING = YES;
				CLANG_WARN_BOOL_CONVERSION = YES;
				CLANG_WARN_COMMA = YES;
				CLANG_WARN_CONSTANT_CONVERSION = YES;
				CLANG_WARN_DEPRECATED_OBJC_IMPLEMENTATIONS = YES;
				CLANG_WARN_DIRECT_OBJC_ISA_USAGE = YES_ERROR;
				CLANG_WARN_DOCUMENTATION_COMMENTS = YES;
				CLANG_WARN_EMPTY_BODY = YES;
				CLANG_WARN_ENUM_CONVERSION = YES;
				CLANG_WARN_INFINITE_RECURSION = YES;
				CLANG_WARN_INT_CONVERSION = YES;
				CLANG_WARN_NON_LITERAL_NULL_CONVERSION = YES;
				CLANG_WARN_OBJC_IMPLICIT_RETAIN_SELF = YES;
				CLANG_WARN_OBJC_LITERAL_CONVERSION = YES;
				CLANG_WARN_OBJC_ROOT_CLASS = YES_ERROR;
				CLANG_WARN_QUOTED_INCLUDE_IN_FRAMEWORK_HEADER = YES;
				CLANG_WARN_RANGE_LOOP_ANALYSIS = YES;
				CLANG_WARN_STRICT_PROTOTYPES = YES;
				CLANG_WARN_SUSPICIOUS_MOVE = YES;
				CLANG_WARN_UNGUARDED_AVAILABILITY = YES_AGGRESSIVE;
				CLANG_WARN_UNREACHABLE_CODE = YES;
				CLANG_WARN__DUPLICATE_METHOD_MATCH = YES;
				COPY_PHASE_STRIP = NO;
				DEBUG_INFORMATION_FORMAT = "dwarf-with-dsym";
				ENABLE_NS_ASSERTIONS = NO;
				ENABLE_STRICT_OBJC_MSGSEND = YES;
				ENABLE_USER_SCRIPT_SANDBOXING = YES;
				GCC_C_LANGUAGE_STANDARD = gnu17;
				GCC_NO_COMMON_BLOCKS = YES;
				GCC_WARN_64_TO_32_BIT_CONVERSION = YES;
				GCC_WARN_ABOUT_RETURN_TYPE = YES_ERROR;
				GCC_WARN_UNDECLARED_SELECTOR = YES;
				GCC_WARN_UNINITIALIZED_AUTOS = YES_AGGRESSIVE;
				GCC_WARN_UNUSED_FUNCTION = YES;
				GCC_WARN_UNUSED_VARIABLE = YES;
				IPHONEOS_DEPLOYMENT_TARGET = 17.0;
				LOCALIZATION_PREFERS_STRING_CATALOGS = YES;
				MTL_ENABLE_DEBUG_INFO = NO;
				MTL_FAST_MATH = YES;
				SDKROOT = iphoneos;
				SWIFT_COMPILATION_MODE = wholemodule;
				VALIDATE_PRODUCT = YES;
			};
			name = Release;
		};
		43F981F82AFF9852008B4A11 /* Debug */ = {
			isa = XCBuildConfiguration;
			buildSettings = {
				ASSETCATALOG_COMPILER_APPICON_NAME = AppIcon;
				ASSETCATALOG_COMPILER_GLOBAL_ACCENT_COLOR_NAME = AccentColor;
				CODE_SIGN_STYLE = Automatic;
				CURRENT_PROJECT_VERSION = 1;
				DEVELOPMENT_ASSET_PATHS = "\"CoolBeans/Preview Content\"";
				DEVELOPMENT_TEAM = M3C8BZ4H8Y;
				ENABLE_PREVIEWS = YES;
				GENERATE_INFOPLIST_FILE = YES;
				INFOPLIST_KEY_UIApplicationSceneManifest_Generation = YES;
				INFOPLIST_KEY_UIApplicationSupportsIndirectInputEvents = YES;
				INFOPLIST_KEY_UILaunchScreen_Generation = YES;
				INFOPLIST_KEY_UISupportedInterfaceOrientations_iPad = "UIInterfaceOrientationPortrait UIInterfaceOrientationPortraitUpsideDown UIInterfaceOrientationLandscapeLeft UIInterfaceOrientationLandscapeRight";
				INFOPLIST_KEY_UISupportedInterfaceOrientations_iPhone = "UIInterfaceOrientationPortrait UIInterfaceOrientationLandscapeLeft UIInterfaceOrientationLandscapeRight";
				LD_RUNPATH_SEARCH_PATHS = (
					"$(inherited)",
					"@executable_path/Frameworks",
				);
				MARKETING_VERSION = 1.0;
				PRODUCT_BUNDLE_IDENTIFIER = come.talspektor.CoolBeans;
				PRODUCT_NAME = "$(TARGET_NAME)";
				SWIFT_EMIT_LOC_STRINGS = YES;
				SWIFT_VERSION = 5.0;
				TARGETED_DEVICE_FAMILY = "1,2";
			};
			name = Debug;
		};
		43F981F92AFF9852008B4A11 /* Release */ = {
			isa = XCBuildConfiguration;
			buildSettings = {
				ASSETCATALOG_COMPILER_APPICON_NAME = AppIcon;
				ASSETCATALOG_COMPILER_GLOBAL_ACCENT_COLOR_NAME = AccentColor;
				CODE_SIGN_STYLE = Automatic;
				CURRENT_PROJECT_VERSION = 1;
				DEVELOPMENT_ASSET_PATHS = "\"CoolBeans/Preview Content\"";
				DEVELOPMENT_TEAM = M3C8BZ4H8Y;
				ENABLE_PREVIEWS = YES;
				GENERATE_INFOPLIST_FILE = YES;
				INFOPLIST_KEY_UIApplicationSceneManifest_Generation = YES;
				INFOPLIST_KEY_UIApplicationSupportsIndirectInputEvents = YES;
				INFOPLIST_KEY_UILaunchScreen_Generation = YES;
				INFOPLIST_KEY_UISupportedInterfaceOrientations_iPad = "UIInterfaceOrientationPortrait UIInterfaceOrientationPortraitUpsideDown UIInterfaceOrientationLandscapeLeft UIInterfaceOrientationLandscapeRight";
				INFOPLIST_KEY_UISupportedInterfaceOrientations_iPhone = "UIInterfaceOrientationPortrait UIInterfaceOrientationLandscapeLeft UIInterfaceOrientationLandscapeRight";
				LD_RUNPATH_SEARCH_PATHS = (
					"$(inherited)",
					"@executable_path/Frameworks",
				);
				MARKETING_VERSION = 1.0;
				PRODUCT_BUNDLE_IDENTIFIER = come.talspektor.CoolBeans;
				PRODUCT_NAME = "$(TARGET_NAME)";
				SWIFT_EMIT_LOC_STRINGS = YES;
				SWIFT_VERSION = 5.0;
				TARGETED_DEVICE_FAMILY = "1,2";
			};
			name = Release;
		};
/* End XCBuildConfiguration section */

/* Begin XCConfigurationList section */
		43F981E42AFF9850008B4A11 /* Build configuration list for PBXProject "CoolBeans" */ = {
			isa = XCConfigurationList;
			buildConfigurations = (
				43F981F52AFF9852008B4A11 /* Debug */,
				43F981F62AFF9852008B4A11 /* Release */,
			);
			defaultConfigurationIsVisible = 0;
			defaultConfigurationName = Release;
		};
		43F981F72AFF9852008B4A11 /* Build configuration list for PBXNativeTarget "CoolBeans" */ = {
			isa = XCConfigurationList;
			buildConfigurations = (
				43F981F82AFF9852008B4A11 /* Debug */,
				43F981F92AFF9852008B4A11 /* Release */,
			);
			defaultConfigurationIsVisible = 0;
			defaultConfigurationName = Release;
		};
/* End XCConfigurationList section */
	};
	rootObject = 43F981E12AFF9850008B4A11 /* Project object */;
}
